// !$*UTF8*$!
{
	archiveVersion = 1;
	classes = {
	};
	objectVersion = 56;
	objects = {

/* Begin PBXBuildFile section */
		4E20DCA2299FBBB4000B74D0 /* Router.swift in Sources */ = {isa = PBXBuildFile; fileRef = 4E20DCA1299FBBB4000B74D0 /* Router.swift */; };
		4E20DCA4299FBBC2000B74D0 /* ModuleBilder.swift in Sources */ = {isa = PBXBuildFile; fileRef = 4E20DCA3299FBBC2000B74D0 /* ModuleBilder.swift */; };
		4E20DCAC299FBFA4000B74D0 /* Goods.swift in Sources */ = {isa = PBXBuildFile; fileRef = 4E20DCAB299FBFA4000B74D0 /* Goods.swift */; };
		4E20DCAE299FC1E5000B74D0 /* FrontViewController.swift in Sources */ = {isa = PBXBuildFile; fileRef = 4E20DCAD299FC1E5000B74D0 /* FrontViewController.swift */; };
		4E20DCB0299FC1F6000B74D0 /* BackViewController.swift in Sources */ = {isa = PBXBuildFile; fileRef = 4E20DCAF299FC1F6000B74D0 /* BackViewController.swift */; };
		4E20DCB2299FC249000B74D0 /* BackPresenter.swift in Sources */ = {isa = PBXBuildFile; fileRef = 4E20DCB1299FC249000B74D0 /* BackPresenter.swift */; };
		4E20DCB4299FC256000B74D0 /* FrontPresenter.swift in Sources */ = {isa = PBXBuildFile; fileRef = 4E20DCB3299FC256000B74D0 /* FrontPresenter.swift */; };
		4E20DCBA299FC4F6000B74D0 /* DetailViewController.swift in Sources */ = {isa = PBXBuildFile; fileRef = 4E20DCB9299FC4F6000B74D0 /* DetailViewController.swift */; };
		4E20DCBC299FC51B000B74D0 /* DetailPresenter.swift in Sources */ = {isa = PBXBuildFile; fileRef = 4E20DCBB299FC51B000B74D0 /* DetailPresenter.swift */; };
		4EC67FCB2954D1020080C62B /* Alamofire in Frameworks */ = {isa = PBXBuildFile; productRef = 4EC67FCA2954D1020080C62B /* Alamofire */; };
		4EDF9C572916F695004157C8 /* AppDelegate.swift in Sources */ = {isa = PBXBuildFile; fileRef = 4EDF9C562916F695004157C8 /* AppDelegate.swift */; };
		4EDF9C592916F695004157C8 /* SceneDelegate.swift in Sources */ = {isa = PBXBuildFile; fileRef = 4EDF9C582916F695004157C8 /* SceneDelegate.swift */; };
		4EDF9C602916F696004157C8 /* Assets.xcassets in Resources */ = {isa = PBXBuildFile; fileRef = 4EDF9C5F2916F696004157C8 /* Assets.xcassets */; };
		4EDF9C632916F696004157C8 /* LaunchScreen.storyboard in Resources */ = {isa = PBXBuildFile; fileRef = 4EDF9C612916F696004157C8 /* LaunchScreen.storyboard */; };
		4EDF9C6E2916F696004157C8 /* MVP_e_commerceTests.swift in Sources */ = {isa = PBXBuildFile; fileRef = 4EDF9C6D2916F696004157C8 /* MVP_e_commerceTests.swift */; };
/* End PBXBuildFile section */

/* Begin PBXContainerItemProxy section */
		4EDF9C6A2916F696004157C8 /* PBXContainerItemProxy */ = {
			isa = PBXContainerItemProxy;
			containerPortal = 4EDF9C4B2916F695004157C8 /* Project object */;
			proxyType = 1;
			remoteGlobalIDString = 4EDF9C522916F695004157C8;
			remoteInfo = "MVP_e-commerce";
		};
		4EDF9C742916F696004157C8 /* PBXContainerItemProxy */ = {
			isa = PBXContainerItemProxy;
			containerPortal = 4EDF9C4B2916F695004157C8 /* Project object */;
			proxyType = 1;
			remoteGlobalIDString = 4EDF9C522916F695004157C8;
			remoteInfo = "MVP_e-commerce";
		};
/* End PBXContainerItemProxy section */

/* Begin PBXFileReference section */
		4E20DCA1299FBBB4000B74D0 /* Router.swift */ = {isa = PBXFileReference; lastKnownFileType = sourcecode.swift; path = Router.swift; sourceTree = "<group>"; };
		4E20DCA3299FBBC2000B74D0 /* ModuleBilder.swift */ = {isa = PBXFileReference; lastKnownFileType = sourcecode.swift; path = ModuleBilder.swift; sourceTree = "<group>"; };
		4E20DCAB299FBFA4000B74D0 /* Goods.swift */ = {isa = PBXFileReference; lastKnownFileType = sourcecode.swift; path = Goods.swift; sourceTree = "<group>"; };
		4E20DCAD299FC1E5000B74D0 /* FrontViewController.swift */ = {isa = PBXFileReference; lastKnownFileType = sourcecode.swift; path = FrontViewController.swift; sourceTree = "<group>"; };
		4E20DCAF299FC1F6000B74D0 /* BackViewController.swift */ = {isa = PBXFileReference; lastKnownFileType = sourcecode.swift; path = BackViewController.swift; sourceTree = "<group>"; };
		4E20DCB1299FC249000B74D0 /* BackPresenter.swift */ = {isa = PBXFileReference; lastKnownFileType = sourcecode.swift; path = BackPresenter.swift; sourceTree = "<group>"; };
		4E20DCB3299FC256000B74D0 /* FrontPresenter.swift */ = {isa = PBXFileReference; lastKnownFileType = sourcecode.swift; path = FrontPresenter.swift; sourceTree = "<group>"; };
		4E20DCB9299FC4F6000B74D0 /* DetailViewController.swift */ = {isa = PBXFileReference; lastKnownFileType = sourcecode.swift; path = DetailViewController.swift; sourceTree = "<group>"; };
		4E20DCBB299FC51B000B74D0 /* DetailPresenter.swift */ = {isa = PBXFileReference; lastKnownFileType = sourcecode.swift; path = DetailPresenter.swift; sourceTree = "<group>"; };
		4EDF9C532916F695004157C8 /* MVP_e-commerce.app */ = {isa = PBXFileReference; explicitFileType = wrapper.application; includeInIndex = 0; path = "MVP_e-commerce.app"; sourceTree = BUILT_PRODUCTS_DIR; };
		4EDF9C562916F695004157C8 /* AppDelegate.swift */ = {isa = PBXFileReference; lastKnownFileType = sourcecode.swift; path = AppDelegate.swift; sourceTree = "<group>"; };
		4EDF9C582916F695004157C8 /* SceneDelegate.swift */ = {isa = PBXFileReference; lastKnownFileType = sourcecode.swift; path = SceneDelegate.swift; sourceTree = "<group>"; };
		4EDF9C5F2916F696004157C8 /* Assets.xcassets */ = {isa = PBXFileReference; lastKnownFileType = folder.assetcatalog; path = Assets.xcassets; sourceTree = "<group>"; };
		4EDF9C622916F696004157C8 /* Base */ = {isa = PBXFileReference; lastKnownFileType = file.storyboard; name = Base; path = Base.lproj/LaunchScreen.storyboard; sourceTree = "<group>"; };
		4EDF9C642916F696004157C8 /* Info.plist */ = {isa = PBXFileReference; lastKnownFileType = text.plist.xml; path = Info.plist; sourceTree = "<group>"; };
		4EDF9C692916F696004157C8 /* MVP_e-commerceTests.xctest */ = {isa = PBXFileReference; explicitFileType = wrapper.cfbundle; includeInIndex = 0; path = "MVP_e-commerceTests.xctest"; sourceTree = BUILT_PRODUCTS_DIR; };
		4EDF9C6D2916F696004157C8 /* MVP_e_commerceTests.swift */ = {isa = PBXFileReference; lastKnownFileType = sourcecode.swift; path = MVP_e_commerceTests.swift; sourceTree = "<group>"; };
		4EDF9C732916F696004157C8 /* MVP_e-commerceUITests.xctest */ = {isa = PBXFileReference; explicitFileType = wrapper.cfbundle; includeInIndex = 0; path = "MVP_e-commerceUITests.xctest"; sourceTree = BUILT_PRODUCTS_DIR; };
/* End PBXFileReference section */

/* Begin PBXFrameworksBuildPhase section */
		4EDF9C502916F695004157C8 /* Frameworks */ = {
			isa = PBXFrameworksBuildPhase;
			buildActionMask = 2147483647;
			files = (
				4EC67FCB2954D1020080C62B /* Alamofire in Frameworks */,
			);
			runOnlyForDeploymentPostprocessing = 0;
		};
		4EDF9C662916F696004157C8 /* Frameworks */ = {
			isa = PBXFrameworksBuildPhase;
			buildActionMask = 2147483647;
			files = (
			);
			runOnlyForDeploymentPostprocessing = 0;
		};
		4EDF9C702916F696004157C8 /* Frameworks */ = {
			isa = PBXFrameworksBuildPhase;
			buildActionMask = 2147483647;
			files = (
			);
			runOnlyForDeploymentPostprocessing = 0;
		};
/* End PBXFrameworksBuildPhase section */

/* Begin PBXGroup section */
		4E20DCA0299FB905000B74D0 /* App */ = {
			isa = PBXGroup;
			children = (
				4EDF9C562916F695004157C8 /* AppDelegate.swift */,
				4EDF9C582916F695004157C8 /* SceneDelegate.swift */,
				4EDF9C5F2916F696004157C8 /* Assets.xcassets */,
				4EDF9C612916F696004157C8 /* LaunchScreen.storyboard */,
				4EDF9C642916F696004157C8 /* Info.plist */,
				4E20DCA1299FBBB4000B74D0 /* Router.swift */,
				4E20DCA3299FBBC2000B74D0 /* ModuleBilder.swift */,
			);
			path = App;
			sourceTree = "<group>";
		};
		4E20DCA5299FBBCF000B74D0 /* View */ = {
			isa = PBXGroup;
			children = (
				4E20DCAD299FC1E5000B74D0 /* FrontViewController.swift */,
			);
			path = View;
			sourceTree = "<group>";
		};
		4E20DCA6299FBBD7000B74D0 /* Model */ = {
			isa = PBXGroup;
			children = (
			);
			path = Model;
			sourceTree = "<group>";
		};
		4E20DCA7299FBBDD000B74D0 /* Presenter */ = {
			isa = PBXGroup;
			children = (
				4E20DCB3299FC256000B74D0 /* FrontPresenter.swift */,
			);
			path = Presenter;
			sourceTree = "<group>";
		};
		4E20DCA8299FBBFB000B74D0 /* View */ = {
			isa = PBXGroup;
			children = (
				4E20DCAF299FC1F6000B74D0 /* BackViewController.swift */,
			);
			path = View;
			sourceTree = "<group>";
		};
		4E20DCA9299FBC02000B74D0 /* Model */ = {
			isa = PBXGroup;
			children = (
				4E20DCAB299FBFA4000B74D0 /* Goods.swift */,
			);
			path = Model;
			sourceTree = "<group>";
		};
		4E20DCAA299FBC08000B74D0 /* Presenter */ = {
			isa = PBXGroup;
			children = (
				4E20DCB1299FC249000B74D0 /* BackPresenter.swift */,
			);
			path = Presenter;
			sourceTree = "<group>";
		};
		4E20DCB5299FC4BE000B74D0 /* DetailModule */ = {
			isa = PBXGroup;
			children = (
				4E20DCB8299FC4DC000B74D0 /* View */,
				4E20DCB7299FC4D3000B74D0 /* Model */,
				4E20DCB6299FC4CA000B74D0 /* Presenter */,
			);
			path = DetailModule;
			sourceTree = "<group>";
		};
		4E20DCB6299FC4CA000B74D0 /* Presenter */ = {
			isa = PBXGroup;
			children = (
				4E20DCBB299FC51B000B74D0 /* DetailPresenter.swift */,
			);
			path = Presenter;
			sourceTree = "<group>";
		};
		4E20DCB7299FC4D3000B74D0 /* Model */ = {
			isa = PBXGroup;
			children = (
			);
			path = Model;
			sourceTree = "<group>";
		};
		4E20DCB8299FC4DC000B74D0 /* View */ = {
			isa = PBXGroup;
			children = (
				4E20DCB9299FC4F6000B74D0 /* DetailViewController.swift */,
			);
			path = View;
			sourceTree = "<group>";
		};
		4EC67FCC2954D1B00080C62B /* FrontModule */ = {
			isa = PBXGroup;
			children = (
				4E20DCA7299FBBDD000B74D0 /* Presenter */,
				4E20DCA6299FBBD7000B74D0 /* Model */,
				4E20DCA5299FBBCF000B74D0 /* View */,
			);
			path = FrontModule;
			sourceTree = "<group>";
		};
		4EC67FCD2954D1D80080C62B /* BackModule */ = {
			isa = PBXGroup;
			children = (
				4E20DCAA299FBC08000B74D0 /* Presenter */,
				4E20DCA9299FBC02000B74D0 /* Model */,
				4E20DCA8299FBBFB000B74D0 /* View */,
			);
			path = BackModule;
			sourceTree = "<group>";
		};
		4EC67FCE2954D2030080C62B /* ServiceLayer */ = {
			isa = PBXGroup;
			children = (
			);
			path = ServiceLayer;
			sourceTree = "<group>";
		};
		4EDF9C4A2916F695004157C8 = {
			isa = PBXGroup;
			children = (
				4EDF9C552916F695004157C8 /* MVP_e-commerce */,
				4EDF9C6C2916F696004157C8 /* MVP_e-commerceTests */,
				4EDF9C542916F695004157C8 /* Products */,
			);
			sourceTree = "<group>";
		};
		4EDF9C542916F695004157C8 /* Products */ = {
			isa = PBXGroup;
			children = (
				4EDF9C532916F695004157C8 /* MVP_e-commerce.app */,
				4EDF9C692916F696004157C8 /* MVP_e-commerceTests.xctest */,
				4EDF9C732916F696004157C8 /* MVP_e-commerceUITests.xctest */,
			);
			name = Products;
			sourceTree = "<group>";
		};
		4EDF9C552916F695004157C8 /* MVP_e-commerce */ = {
			isa = PBXGroup;
			children = (
				4E20DCA0299FB905000B74D0 /* App */,
				4EC67FCE2954D2030080C62B /* ServiceLayer */,
				4E20DCB5299FC4BE000B74D0 /* DetailModule */,
				4EC67FCD2954D1D80080C62B /* BackModule */,
				4EC67FCC2954D1B00080C62B /* FrontModule */,
			);
			path = "MVP_e-commerce";
			sourceTree = "<group>";
		};
		4EDF9C6C2916F696004157C8 /* MVP_e-commerceTests */ = {
			isa = PBXGroup;
			children = (
				4EDF9C6D2916F696004157C8 /* MVP_e_commerceTests.swift */,
			);
			path = "MVP_e-commerceTests";
			sourceTree = "<group>";
		};
/* End PBXGroup section */

/* Begin PBXNativeTarget section */
		4EDF9C522916F695004157C8 /* MVP_e-commerce */ = {
			isa = PBXNativeTarget;
			buildConfigurationList = 4EDF9C7D2916F696004157C8 /* Build configuration list for PBXNativeTarget "MVP_e-commerce" */;
			buildPhases = (
				4EDF9C4F2916F695004157C8 /* Sources */,
				4EDF9C502916F695004157C8 /* Frameworks */,
				4EDF9C512916F695004157C8 /* Resources */,
			);
			buildRules = (
			);
			dependencies = (
			);
			name = "MVP_e-commerce";
			packageProductDependencies = (
				4EC67FCA2954D1020080C62B /* Alamofire */,
			);
			productName = "MVP_e-commerce";
			productReference = 4EDF9C532916F695004157C8 /* MVP_e-commerce.app */;
			productType = "com.apple.product-type.application";
		};
		4EDF9C682916F696004157C8 /* MVP_e-commerceTests */ = {
			isa = PBXNativeTarget;
			buildConfigurationList = 4EDF9C802916F696004157C8 /* Build configuration list for PBXNativeTarget "MVP_e-commerceTests" */;
			buildPhases = (
				4EDF9C652916F696004157C8 /* Sources */,
				4EDF9C662916F696004157C8 /* Frameworks */,
				4EDF9C672916F696004157C8 /* Resources */,
			);
			buildRules = (
			);
			dependencies = (
				4EDF9C6B2916F696004157C8 /* PBXTargetDependency */,
			);
			name = "MVP_e-commerceTests";
			productName = "MVP_e-commerceTests";
			productReference = 4EDF9C692916F696004157C8 /* MVP_e-commerceTests.xctest */;
			productType = "com.apple.product-type.bundle.unit-test";
		};
		4EDF9C722916F696004157C8 /* MVP_e-commerceUITests */ = {
			isa = PBXNativeTarget;
			buildConfigurationList = 4EDF9C832916F696004157C8 /* Build configuration list for PBXNativeTarget "MVP_e-commerceUITests" */;
			buildPhases = (
				4EDF9C6F2916F696004157C8 /* Sources */,
				4EDF9C702916F696004157C8 /* Frameworks */,
				4EDF9C712916F696004157C8 /* Resources */,
			);
			buildRules = (
			);
			dependencies = (
				4EDF9C752916F696004157C8 /* PBXTargetDependency */,
			);
			name = "MVP_e-commerceUITests";
			productName = "MVP_e-commerceUITests";
			productReference = 4EDF9C732916F696004157C8 /* MVP_e-commerceUITests.xctest */;
			productType = "com.apple.product-type.bundle.ui-testing";
		};
/* End PBXNativeTarget section */

/* Begin PBXProject section */
		4EDF9C4B2916F695004157C8 /* Project object */ = {
			isa = PBXProject;
			attributes = {
				BuildIndependentTargetsInParallel = 1;
				LastSwiftUpdateCheck = 1410;
				LastUpgradeCheck = 1410;
				TargetAttributes = {
					4EDF9C522916F695004157C8 = {
						CreatedOnToolsVersion = 14.1;
					};
					4EDF9C682916F696004157C8 = {
						CreatedOnToolsVersion = 14.1;
						TestTargetID = 4EDF9C522916F695004157C8;
					};
					4EDF9C722916F696004157C8 = {
						CreatedOnToolsVersion = 14.1;
						TestTargetID = 4EDF9C522916F695004157C8;
					};
				};
			};
			buildConfigurationList = 4EDF9C4E2916F695004157C8 /* Build configuration list for PBXProject "MVP_e-commerce" */;
			compatibilityVersion = "Xcode 14.0";
			developmentRegion = en;
			hasScannedForEncodings = 0;
			knownRegions = (
				en,
				Base,
			);
			mainGroup = 4EDF9C4A2916F695004157C8;
			packageReferences = (
				4EC67FC92954D1020080C62B /* XCRemoteSwiftPackageReference "Alamofire" */,
			);
			productRefGroup = 4EDF9C542916F695004157C8 /* Products */;
			projectDirPath = "";
			projectRoot = "";
			targets = (
				4EDF9C522916F695004157C8 /* MVP_e-commerce */,
				4EDF9C682916F696004157C8 /* MVP_e-commerceTests */,
				4EDF9C722916F696004157C8 /* MVP_e-commerceUITests */,
			);
		};
/* End PBXProject section */

/* Begin PBXResourcesBuildPhase section */
		4EDF9C512916F695004157C8 /* Resources */ = {
			isa = PBXResourcesBuildPhase;
			buildActionMask = 2147483647;
			files = (
				4EDF9C632916F696004157C8 /* LaunchScreen.storyboard in Resources */,
				4EDF9C602916F696004157C8 /* Assets.xcassets in Resources */,
			);
			runOnlyForDeploymentPostprocessing = 0;
		};
		4EDF9C672916F696004157C8 /* Resources */ = {
			isa = PBXResourcesBuildPhase;
			buildActionMask = 2147483647;
			files = (
			);
			runOnlyForDeploymentPostprocessing = 0;
		};
		4EDF9C712916F696004157C8 /* Resources */ = {
			isa = PBXResourcesBuildPhase;
			buildActionMask = 2147483647;
			files = (
			);
			runOnlyForDeploymentPostprocessing = 0;
		};
/* End PBXResourcesBuildPhase section */

/* Begin PBXSourcesBuildPhase section */
		4EDF9C4F2916F695004157C8 /* Sources */ = {
			isa = PBXSourcesBuildPhase;
			buildActionMask = 2147483647;
			files = (
				4E20DCB0299FC1F6000B74D0 /* BackViewController.swift in Sources */,
				4E20DCAE299FC1E5000B74D0 /* FrontViewController.swift in Sources */,
				4EDF9C572916F695004157C8 /* AppDelegate.swift in Sources */,
				4E20DCA4299FBBC2000B74D0 /* ModuleBilder.swift in Sources */,
				4E20DCBC299FC51B000B74D0 /* DetailPresenter.swift in Sources */,
				4E20DCA2299FBBB4000B74D0 /* Router.swift in Sources */,
				4E20DCAC299FBFA4000B74D0 /* Goods.swift in Sources */,
				4E20DCB4299FC256000B74D0 /* FrontPresenter.swift in Sources */,
				4E20DCBA299FC4F6000B74D0 /* DetailViewController.swift in Sources */,
				4EDF9C592916F695004157C8 /* SceneDelegate.swift in Sources */,
				4E20DCB2299FC249000B74D0 /* BackPresenter.swift in Sources */,
			);
			runOnlyForDeploymentPostprocessing = 0;
		};
		4EDF9C652916F696004157C8 /* Sources */ = {
			isa = PBXSourcesBuildPhase;
			buildActionMask = 2147483647;
			files = (
				4EDF9C6E2916F696004157C8 /* MVP_e_commerceTests.swift in Sources */,
			);
			runOnlyForDeploymentPostprocessing = 0;
		};
		4EDF9C6F2916F696004157C8 /* Sources */ = {
			isa = PBXSourcesBuildPhase;
			buildActionMask = 2147483647;
			files = (
			);
			runOnlyForDeploymentPostprocessing = 0;
		};
/* End PBXSourcesBuildPhase section */

/* Begin PBXTargetDependency section */
		4EDF9C6B2916F696004157C8 /* PBXTargetDependency */ = {
			isa = PBXTargetDependency;
			target = 4EDF9C522916F695004157C8 /* MVP_e-commerce */;
			targetProxy = 4EDF9C6A2916F696004157C8 /* PBXContainerItemProxy */;
		};
		4EDF9C752916F696004157C8 /* PBXTargetDependency */ = {
			isa = PBXTargetDependency;
			target = 4EDF9C522916F695004157C8 /* MVP_e-commerce */;
			targetProxy = 4EDF9C742916F696004157C8 /* PBXContainerItemProxy */;
		};
/* End PBXTargetDependency section */

/* Begin PBXVariantGroup section */
		4EDF9C612916F696004157C8 /* LaunchScreen.storyboard */ = {
			isa = PBXVariantGroup;
			children = (
				4EDF9C622916F696004157C8 /* Base */,
			);
			name = LaunchScreen.storyboard;
			sourceTree = "<group>";
		};
/* End PBXVariantGroup section */

/* Begin XCBuildConfiguration section */
		4EDF9C7B2916F696004157C8 /* Debug */ = {
			isa = XCBuildConfiguration;
			buildSettings = {
				ALWAYS_SEARCH_USER_PATHS = NO;
				CLANG_ANALYZER_NONNULL = YES;
				CLANG_ANALYZER_NUMBER_OBJECT_CONVERSION = YES_AGGRESSIVE;
				CLANG_CXX_LANGUAGE_STANDARD = "gnu++20";
				CLANG_ENABLE_MODULES = YES;
				CLANG_ENABLE_OBJC_ARC = YES;
				CLANG_ENABLE_OBJC_WEAK = YES;
				CLANG_WARN_BLOCK_CAPTURE_AUTORELEASING = YES;
				CLANG_WARN_BOOL_CONVERSION = YES;
				CLANG_WARN_COMMA = YES;
				CLANG_WARN_CONSTANT_CONVERSION = YES;
				CLANG_WARN_DEPRECATED_OBJC_IMPLEMENTATIONS = YES;
				CLANG_WARN_DIRECT_OBJC_ISA_USAGE = YES_ERROR;
				CLANG_WARN_DOCUMENTATION_COMMENTS = YES;
				CLANG_WARN_EMPTY_BODY = YES;
				CLANG_WARN_ENUM_CONVERSION = YES;
				CLANG_WARN_INFINITE_RECURSION = YES;
				CLANG_WARN_INT_CONVERSION = YES;
				CLANG_WARN_NON_LITERAL_NULL_CONVERSION = YES;
				CLANG_WARN_OBJC_IMPLICIT_RETAIN_SELF = YES;
				CLANG_WARN_OBJC_LITERAL_CONVERSION = YES;
				CLANG_WARN_OBJC_ROOT_CLASS = YES_ERROR;
				CLANG_WARN_QUOTED_INCLUDE_IN_FRAMEWORK_HEADER = YES;
				CLANG_WARN_RANGE_LOOP_ANALYSIS = YES;
				CLANG_WARN_STRICT_PROTOTYPES = YES;
				CLANG_WARN_SUSPICIOUS_MOVE = YES;
				CLANG_WARN_UNGUARDED_AVAILABILITY = YES_AGGRESSIVE;
				CLANG_WARN_UNREACHABLE_CODE = YES;
				CLANG_WARN__DUPLICATE_METHOD_MATCH = YES;
				COPY_PHASE_STRIP = NO;
				DEBUG_INFORMATION_FORMAT = dwarf;
				ENABLE_STRICT_OBJC_MSGSEND = YES;
				ENABLE_TESTABILITY = YES;
				GCC_C_LANGUAGE_STANDARD = gnu11;
				GCC_DYNAMIC_NO_PIC = NO;
				GCC_NO_COMMON_BLOCKS = YES;
				GCC_OPTIMIZATION_LEVEL = 0;
				GCC_PREPROCESSOR_DEFINITIONS = (
					"DEBUG=1",
					"$(inherited)",
				);
				GCC_WARN_64_TO_32_BIT_CONVERSION = YES;
				GCC_WARN_ABOUT_RETURN_TYPE = YES_ERROR;
				GCC_WARN_UNDECLARED_SELECTOR = YES;
				GCC_WARN_UNINITIALIZED_AUTOS = YES_AGGRESSIVE;
				GCC_WARN_UNUSED_FUNCTION = YES;
				GCC_WARN_UNUSED_VARIABLE = YES;
				IPHONEOS_DEPLOYMENT_TARGET = 16.1;
				MTL_ENABLE_DEBUG_INFO = INCLUDE_SOURCE;
				MTL_FAST_MATH = YES;
				ONLY_ACTIVE_ARCH = YES;
				SDKROOT = iphoneos;
				SWIFT_ACTIVE_COMPILATION_CONDITIONS = DEBUG;
				SWIFT_OPTIMIZATION_LEVEL = "-Onone";
			};
			name = Debug;
		};
		4EDF9C7C2916F696004157C8 /* Release */ = {
			isa = XCBuildConfiguration;
			buildSettings = {
				ALWAYS_SEARCH_USER_PATHS = NO;
				CLANG_ANALYZER_NONNULL = YES;
				CLANG_ANALYZER_NUMBER_OBJECT_CONVERSION = YES_AGGRESSIVE;
				CLANG_CXX_LANGUAGE_STANDARD = "gnu++20";
				CLANG_ENABLE_MODULES = YES;
				CLANG_ENABLE_OBJC_ARC = YES;
				CLANG_ENABLE_OBJC_WEAK = YES;
				CLANG_WARN_BLOCK_CAPTURE_AUTORELEASING = YES;
				CLANG_WARN_BOOL_CONVERSION = YES;
				CLANG_WARN_COMMA = YES;
				CLANG_WARN_CONSTANT_CONVERSION = YES;
				CLANG_WARN_DEPRECATED_OBJC_IMPLEMENTATIONS = YES;
				CLANG_WARN_DIRECT_OBJC_ISA_USAGE = YES_ERROR;
				CLANG_WARN_DOCUMENTATION_COMMENTS = YES;
				CLANG_WARN_EMPTY_BODY = YES;
				CLANG_WARN_ENUM_CONVERSION = YES;
				CLANG_WARN_INFINITE_RECURSION = YES;
				CLANG_WARN_INT_CONVERSION = YES;
				CLANG_WARN_NON_LITERAL_NULL_CONVERSION = YES;
				CLANG_WARN_OBJC_IMPLICIT_RETAIN_SELF = YES;
				CLANG_WARN_OBJC_LITERAL_CONVERSION = YES;
				CLANG_WARN_OBJC_ROOT_CLASS = YES_ERROR;
				CLANG_WARN_QUOTED_INCLUDE_IN_FRAMEWORK_HEADER = YES;
				CLANG_WARN_RANGE_LOOP_ANALYSIS = YES;
				CLANG_WARN_STRICT_PROTOTYPES = YES;
				CLANG_WARN_SUSPICIOUS_MOVE = YES;
				CLANG_WARN_UNGUARDED_AVAILABILITY = YES_AGGRESSIVE;
				CLANG_WARN_UNREACHABLE_CODE = YES;
				CLANG_WARN__DUPLICATE_METHOD_MATCH = YES;
				COPY_PHASE_STRIP = NO;
				DEBUG_INFORMATION_FORMAT = "dwarf-with-dsym";
				ENABLE_NS_ASSERTIONS = NO;
				ENABLE_STRICT_OBJC_MSGSEND = YES;
				GCC_C_LANGUAGE_STANDARD = gnu11;
				GCC_NO_COMMON_BLOCKS = YES;
				GCC_WARN_64_TO_32_BIT_CONVERSION = YES;
				GCC_WARN_ABOUT_RETURN_TYPE = YES_ERROR;
				GCC_WARN_UNDECLARED_SELECTOR = YES;
				GCC_WARN_UNINITIALIZED_AUTOS = YES_AGGRESSIVE;
				GCC_WARN_UNUSED_FUNCTION = YES;
				GCC_WARN_UNUSED_VARIABLE = YES;
				IPHONEOS_DEPLOYMENT_TARGET = 16.1;
				MTL_ENABLE_DEBUG_INFO = NO;
				MTL_FAST_MATH = YES;
				SDKROOT = iphoneos;
				SWIFT_COMPILATION_MODE = wholemodule;
				SWIFT_OPTIMIZATION_LEVEL = "-O";
				VALIDATE_PRODUCT = YES;
			};
			name = Release;
		};
		4EDF9C7E2916F696004157C8 /* Debug */ = {
			isa = XCBuildConfiguration;
			buildSettings = {
				ASSETCATALOG_COMPILER_APPICON_NAME = AppIcon;
				ASSETCATALOG_COMPILER_GLOBAL_ACCENT_COLOR_NAME = AccentColor;
				CODE_SIGN_STYLE = Automatic;
				CURRENT_PROJECT_VERSION = 1;
				DEVELOPMENT_TEAM = K9998L29ZT;
				GENERATE_INFOPLIST_FILE = YES;
				INFOPLIST_FILE = "MVP_e-commerce/App/Info.plist";
				INFOPLIST_KEY_UIApplicationSupportsIndirectInputEvents = YES;
				INFOPLIST_KEY_UILaunchStoryboardName = LaunchScreen;
				INFOPLIST_KEY_UIMainStoryboardFile = Main;
				INFOPLIST_KEY_UISupportedInterfaceOrientations_iPad = "UIInterfaceOrientationPortrait UIInterfaceOrientationPortraitUpsideDown UIInterfaceOrientationLandscapeLeft UIInterfaceOrientationLandscapeRight";
				INFOPLIST_KEY_UISupportedInterfaceOrientations_iPhone = "UIInterfaceOrientationPortrait UIInterfaceOrientationLandscapeLeft UIInterfaceOrientationLandscapeRight";
				LD_RUNPATH_SEARCH_PATHS = (
					"$(inherited)",
					"@executable_path/Frameworks",
				);
				MARKETING_VERSION = 1.0;
				PRODUCT_BUNDLE_IDENTIFIER = "MikhailSvetlov.MVP-e-commerce";
				PRODUCT_NAME = "$(TARGET_NAME)";
				SWIFT_EMIT_LOC_STRINGS = YES;
				SWIFT_VERSION = 5.0;
				TARGETED_DEVICE_FAMILY = "1,2";
			};
			name = Debug;
		};
		4EDF9C7F2916F696004157C8 /* Release */ = {
			isa = XCBuildConfiguration;
			buildSettings = {
				ASSETCATALOG_COMPILER_APPICON_NAME = AppIcon;
				ASSETCATALOG_COMPILER_GLOBAL_ACCENT_COLOR_NAME = AccentColor;
				CODE_SIGN_STYLE = Automatic;
				CURRENT_PROJECT_VERSION = 1;
				DEVELOPMENT_TEAM = K9998L29ZT;
				GENERATE_INFOPLIST_FILE = YES;
				INFOPLIST_FILE = "MVP_e-commerce/App/Info.plist";
				INFOPLIST_KEY_UIApplicationSupportsIndirectInputEvents = YES;
				INFOPLIST_KEY_UILaunchStoryboardName = LaunchScreen;
				INFOPLIST_KEY_UIMainStoryboardFile = Main;
				INFOPLIST_KEY_UISupportedInterfaceOrientations_iPad = "UIInterfaceOrientationPortrait UIInterfaceOrientationPortraitUpsideDown UIInterfaceOrientationLandscapeLeft UIInterfaceOrientationLandscapeRight";
				INFOPLIST_KEY_UISupportedInterfaceOrientations_iPhone = "UIInterfaceOrientationPortrait UIInterfaceOrientationLandscapeLeft UIInterfaceOrientationLandscapeRight";
				LD_RUNPATH_SEARCH_PATHS = (
					"$(inherited)",
					"@executable_path/Frameworks",
				);
				MARKETING_VERSION = 1.0;
				PRODUCT_BUNDLE_IDENTIFIER = "MikhailSvetlov.MVP-e-commerce";
				PRODUCT_NAME = "$(TARGET_NAME)";
				SWIFT_EMIT_LOC_STRINGS = YES;
				SWIFT_VERSION = 5.0;
				TARGETED_DEVICE_FAMILY = "1,2";
			};
			name = Release;
		};
		4EDF9C812916F696004157C8 /* Debug */ = {
			isa = XCBuildConfiguration;
			buildSettings = {
				ALWAYS_EMBED_SWIFT_STANDARD_LIBRARIES = YES;
				BUNDLE_LOADER = "$(TEST_HOST)";
				CODE_SIGN_STYLE = Automatic;
				CURRENT_PROJECT_VERSION = 1;
				DEVELOPMENT_TEAM = K9998L29ZT;
				GENERATE_INFOPLIST_FILE = YES;
				IPHONEOS_DEPLOYMENT_TARGET = 16.1;
				MARKETING_VERSION = 1.0;
				PRODUCT_BUNDLE_IDENTIFIER = "MikhailSvetlov.MVP-e-commerceTests";
				PRODUCT_NAME = "$(TARGET_NAME)";
				SWIFT_EMIT_LOC_STRINGS = NO;
				SWIFT_VERSION = 5.0;
				TARGETED_DEVICE_FAMILY = "1,2";
				TEST_HOST = "$(BUILT_PRODUCTS_DIR)/MVP_e-commerce.app/$(BUNDLE_EXECUTABLE_FOLDER_PATH)/MVP_e-commerce";
			};
			name = Debug;
		};
		4EDF9C822916F696004157C8 /* Release */ = {
			isa = XCBuildConfiguration;
			buildSettings = {
				ALWAYS_EMBED_SWIFT_STANDARD_LIBRARIES = YES;
				BUNDLE_LOADER = "$(TEST_HOST)";
				CODE_SIGN_STYLE = Automatic;
				CURRENT_PROJECT_VERSION = 1;
				DEVELOPMENT_TEAM = K9998L29ZT;
				GENERATE_INFOPLIST_FILE = YES;
				IPHONEOS_DEPLOYMENT_TARGET = 16.1;
				MARKETING_VERSION = 1.0;
				PRODUCT_BUNDLE_IDENTIFIER = "MikhailSvetlov.MVP-e-commerceTests";
				PRODUCT_NAME = "$(TARGET_NAME)";
				SWIFT_EMIT_LOC_STRINGS = NO;
				SWIFT_VERSION = 5.0;
				TARGETED_DEVICE_FAMILY = "1,2";
				TEST_HOST = "$(BUILT_PRODUCTS_DIR)/MVP_e-commerce.app/$(BUNDLE_EXECUTABLE_FOLDER_PATH)/MVP_e-commerce";
			};
			name = Release;
		};
		4EDF9C842916F696004157C8 /* Debug */ = {
			isa = XCBuildConfiguration;
			buildSettings = {
				ALWAYS_EMBED_SWIFT_STANDARD_LIBRARIES = YES;
				CODE_SIGN_STYLE = Automatic;
				CURRENT_PROJECT_VERSION = 1;
				DEVELOPMENT_TEAM = K9998L29ZT;
				GENERATE_INFOPLIST_FILE = YES;
				MARKETING_VERSION = 1.0;
				PRODUCT_BUNDLE_IDENTIFIER = "MikhailSvetlov.MVP-e-commerceUITests";
				PRODUCT_NAME = "$(TARGET_NAME)";
				SWIFT_EMIT_LOC_STRINGS = NO;
				SWIFT_VERSION = 5.0;
				TARGETED_DEVICE_FAMILY = "1,2";
				TEST_TARGET_NAME = "MVP_e-commerce";
			};
			name = Debug;
		};
		4EDF9C852916F696004157C8 /* Release */ = {
			isa = XCBuildConfiguration;
			buildSettings = {
				ALWAYS_EMBED_SWIFT_STANDARD_LIBRARIES = YES;
				CODE_SIGN_STYLE = Automatic;
				CURRENT_PROJECT_VERSION = 1;
				DEVELOPMENT_TEAM = K9998L29ZT;
				GENERATE_INFOPLIST_FILE = YES;
				MARKETING_VERSION = 1.0;
				PRODUCT_BUNDLE_IDENTIFIER = "MikhailSvetlov.MVP-e-commerceUITests";
				PRODUCT_NAME = "$(TARGET_NAME)";
				SWIFT_EMIT_LOC_STRINGS = NO;
				SWIFT_VERSION = 5.0;
				TARGETED_DEVICE_FAMILY = "1,2";
				TEST_TARGET_NAME = "MVP_e-commerce";
			};
			name = Release;
		};
/* End XCBuildConfiguration section */

/* Begin XCConfigurationList section */
		4EDF9C4E2916F695004157C8 /* Build configuration list for PBXProject "MVP_e-commerce" */ = {
			isa = XCConfigurationList;
			buildConfigurations = (
				4EDF9C7B2916F696004157C8 /* Debug */,
				4EDF9C7C2916F696004157C8 /* Release */,
			);
			defaultConfigurationIsVisible = 0;
			defaultConfigurationName = Release;
		};
		4EDF9C7D2916F696004157C8 /* Build configuration list for PBXNativeTarget "MVP_e-commerce" */ = {
			isa = XCConfigurationList;
			buildConfigurations = (
				4EDF9C7E2916F696004157C8 /* Debug */,
				4EDF9C7F2916F696004157C8 /* Release */,
			);
			defaultConfigurationIsVisible = 0;
			defaultConfigurationName = Release;
		};
		4EDF9C802916F696004157C8 /* Build configuration list for PBXNativeTarget "MVP_e-commerceTests" */ = {
			isa = XCConfigurationList;
			buildConfigurations = (
				4EDF9C812916F696004157C8 /* Debug */,
				4EDF9C822916F696004157C8 /* Release */,
			);
			defaultConfigurationIsVisible = 0;
			defaultConfigurationName = Release;
		};
		4EDF9C832916F696004157C8 /* Build configuration list for PBXNativeTarget "MVP_e-commerceUITests" */ = {
			isa = XCConfigurationList;
			buildConfigurations = (
				4EDF9C842916F696004157C8 /* Debug */,
				4EDF9C852916F696004157C8 /* Release */,
			);
			defaultConfigurationIsVisible = 0;
			defaultConfigurationName = Release;
		};
/* End XCConfigurationList section */

/* Begin XCRemoteSwiftPackageReference section */
		4EC67FC92954D1020080C62B /* XCRemoteSwiftPackageReference "Alamofire" */ = {
			isa = XCRemoteSwiftPackageReference;
			repositoryURL = "https://github.com/Alamofire/Alamofire.git";
			requirement = {
				kind = upToNextMajorVersion;
				minimumVersion = 5.0.0;
			};
		};
/* End XCRemoteSwiftPackageReference section */

/* Begin XCSwiftPackageProductDependency section */
		4EC67FCA2954D1020080C62B /* Alamofire */ = {
			isa = XCSwiftPackageProductDependency;
			package = 4EC67FC92954D1020080C62B /* XCRemoteSwiftPackageReference "Alamofire" */;
			productName = Alamofire;
		};
/* End XCSwiftPackageProductDependency section */
	};
	rootObject = 4EDF9C4B2916F695004157C8 /* Project object */;
}
